
Microsoft Visual Studio Solution File, Format Version 12.00
# Visual Studio Version 16
VisualStudioVersion = 16.0.31129.286
MinimumVisualStudioVersion = 10.0.40219.1
Project("{2150E333-8FDC-42A3-9474-1A3956D46DE8}") = "Services", "Services", "{675B8A20-56C6-4A5A-9D6E-DF460ABF78CA}"
EndProject
Project("{2150E333-8FDC-42A3-9474-1A3956D46DE8}") = "Catalog", "Catalog", "{A153D820-3CF6-4AF0-949C-EFEAB72F9FD8}"
EndProject
Project("{9A19103F-16F7-4668-BE54-9A1E7A4F7556}") = "Catalog.API", "Services\Catalog\Catalog.API\Catalog.API.csproj", "{D620B3EB-87B7-4710-93E3-74E4C7308E30}"
EndProject
Project("{E53339B2-1760-4266-BCC7-CA923CBCF16C}") = "docker-compose", "docker-compose.dcproj", "{EE9B0AF5-1841-47BF-9152-6B1D1152FE6B}"
EndProject
Project("{2150E333-8FDC-42A3-9474-1A3956D46DE8}") = "Basket", "Basket", "{5AD481AE-003F-4841-87EF-22D4B3805B45}"
EndProject
Project("{9A19103F-16F7-4668-BE54-9A1E7A4F7556}") = "Basket.API", "Services\Basket\Basket.API\Basket.API.csproj", "{67C7B731-973F-4A6E-BFA9-3D92C5479C9E}"
EndProject
Project("{2150E333-8FDC-42A3-9474-1A3956D46DE8}") = "Discount", "Discount", "{D1D1D7C7-6A16-49C7-A5B4-C2A9EA394853}"
EndProject
Project("{9A19103F-16F7-4668-BE54-9A1E7A4F7556}") = "Discount.API", "Services\Discount\Discount.API\Discount.API.csproj", "{F5CBF7B5-7E91-4A4D-8BCE-1C664A56ABFB}"
EndProject
Project("{9A19103F-16F7-4668-BE54-9A1E7A4F7556}") = "Discount.Grpc", "Services\Discount\Discount.Grpc\Discount.Grpc.csproj", "{ACAB2597-0D82-45C6-B6E6-3F49C565ACA2}"
EndProject
Project("{2150E333-8FDC-42A3-9474-1A3956D46DE8}") = "Ordering", "Ordering", "{CECF5DA5-3776-4590-9D65-1F6E75B9248D}"
EndProject
Project("{9A19103F-16F7-4668-BE54-9A1E7A4F7556}") = "Ordering.API", "Services\Ordering\Ordering.API\Ordering.API.csproj", "{30CF6625-DF3E-4017-8E87-A50F1F23FD52}"
EndProject
Project("{9A19103F-16F7-4668-BE54-9A1E7A4F7556}") = "Ordering.Domain", "Services\Ordering\Ordering.Domain\Ordering.Domain.csproj", "{F30D87B6-E04D-451C-8107-D7E547DEAE58}"
EndProject
Project("{9A19103F-16F7-4668-BE54-9A1E7A4F7556}") = "Ordering.Application", "Services\Ordering\Ordering.Application\Ordering.Application.csproj", "{8658A708-D6BC-4F54-97D2-C0F95B9F64F5}"
EndProject
Project("{9A19103F-16F7-4668-BE54-9A1E7A4F7556}") = "Ordering.Infrastructure", "Services\Ordering\Ordering.Infrastructure\Ordering.Infrastructure.csproj", "{CFAE36A8-233B-42A9-8411-B0D4F48195DA}"
EndProject
Project("{2150E333-8FDC-42A3-9474-1A3956D46DE8}") = "BuildingBlocks", "BuildingBlocks", "{7DEE2E16-EC3D-4EE5-B3CA-3EE8E47DFC45}"
EndProject
Project("{9A19103F-16F7-4668-BE54-9A1E7A4F7556}") = "EventBus.Messages", "BuildingBlocks\EventBus.Messages\EventBus.Messages.csproj", "{F70CF419-5814-4E70-9816-1707A1A92F88}"
EndProject
Project("{2150E333-8FDC-42A3-9474-1A3956D46DE8}") = "ApiGateways", "ApiGateways", "{511173C5-B61E-4569-BEAC-9D0FA7C80E9E}"
EndProject
Project("{9A19103F-16F7-4668-BE54-9A1E7A4F7556}") = "OcelotApiGw", "ApiGateways\OcelotApiGw\OcelotApiGw.csproj", "{61B3B369-17AF-49DF-B2F0-D9251A311DAA}"
EndProject
Project("{9A19103F-16F7-4668-BE54-9A1E7A4F7556}") = "Shopping.Aggregator", "ApiGateways\Shopping.Aggregator\Shopping.Aggregator.csproj", "{98EC8D03-6B10-4A62-9F32-0670718ED989}"
EndProject
Project("{2150E333-8FDC-42A3-9474-1A3956D46DE8}") = "WebApps", "WebApps", "{3EDDB0F4-C307-4213-8486-E5016029E48C}"
EndProject
Project("{9A19103F-16F7-4668-BE54-9A1E7A4F7556}") = "AspnetRunBasics", "WebApps\AspnetRunBasics\AspnetRunBasics.csproj", "{DF4493C5-6453-4F1E-88E7-32443587E277}"
EndProject
Global
	GlobalSection(SolutionConfigurationPlatforms) = preSolution
		Debug|Any CPU = Debug|Any CPU
		Release|Any CPU = Release|Any CPU
	EndGlobalSection
	GlobalSection(ProjectConfigurationPlatforms) = postSolution
		{D620B3EB-87B7-4710-93E3-74E4C7308E30}.Debug|Any CPU.ActiveCfg = Debug|Any CPU
		{D620B3EB-87B7-4710-93E3-74E4C7308E30}.Debug|Any CPU.Build.0 = Debug|Any CPU
		{D620B3EB-87B7-4710-93E3-74E4C7308E30}.Release|Any CPU.ActiveCfg = Release|Any CPU
		{D620B3EB-87B7-4710-93E3-74E4C7308E30}.Release|Any CPU.Build.0 = Release|Any CPU
		{EE9B0AF5-1841-47BF-9152-6B1D1152FE6B}.Debug|Any CPU.ActiveCfg = Debug|Any CPU
		{EE9B0AF5-1841-47BF-9152-6B1D1152FE6B}.Debug|Any CPU.Build.0 = Debug|Any CPU
		{EE9B0AF5-1841-47BF-9152-6B1D1152FE6B}.Release|Any CPU.ActiveCfg = Release|Any CPU
		{EE9B0AF5-1841-47BF-9152-6B1D1152FE6B}.Release|Any CPU.Build.0 = Release|Any CPU
		{67C7B731-973F-4A6E-BFA9-3D92C5479C9E}.Debug|Any CPU.ActiveCfg = Debug|Any CPU
		{67C7B731-973F-4A6E-BFA9-3D92C5479C9E}.Debug|Any CPU.Build.0 = Debug|Any CPU
		{67C7B731-973F-4A6E-BFA9-3D92C5479C9E}.Release|Any CPU.ActiveCfg = Release|Any CPU
		{67C7B731-973F-4A6E-BFA9-3D92C5479C9E}.Release|Any CPU.Build.0 = Release|Any CPU
		{F5CBF7B5-7E91-4A4D-8BCE-1C664A56ABFB}.Debug|Any CPU.ActiveCfg = Debug|Any CPU
		{F5CBF7B5-7E91-4A4D-8BCE-1C664A56ABFB}.Debug|Any CPU.Build.0 = Debug|Any CPU
		{F5CBF7B5-7E91-4A4D-8BCE-1C664A56ABFB}.Release|Any CPU.ActiveCfg = Release|Any CPU
		{F5CBF7B5-7E91-4A4D-8BCE-1C664A56ABFB}.Release|Any CPU.Build.0 = Release|Any CPU
		{ACAB2597-0D82-45C6-B6E6-3F49C565ACA2}.Debug|Any CPU.ActiveCfg = Debug|Any CPU
		{ACAB2597-0D82-45C6-B6E6-3F49C565ACA2}.Debug|Any CPU.Build.0 = Debug|Any CPU
		{ACAB2597-0D82-45C6-B6E6-3F49C565ACA2}.Release|Any CPU.ActiveCfg = Release|Any CPU
		{ACAB2597-0D82-45C6-B6E6-3F49C565ACA2}.Release|Any CPU.Build.0 = Release|Any CPU
		{30CF6625-DF3E-4017-8E87-A50F1F23FD52}.Debug|Any CPU.ActiveCfg = Debug|Any CPU
		{30CF6625-DF3E-4017-8E87-A50F1F23FD52}.Debug|Any CPU.Build.0 = Debug|Any CPU
		{30CF6625-DF3E-4017-8E87-A50F1F23FD52}.Release|Any CPU.ActiveCfg = Release|Any CPU
		{30CF6625-DF3E-4017-8E87-A50F1F23FD52}.Release|Any CPU.Build.0 = Release|Any CPU
		{F30D87B6-E04D-451C-8107-D7E547DEAE58}.Debug|Any CPU.ActiveCfg = Debug|Any CPU
		{F30D87B6-E04D-451C-8107-D7E547DEAE58}.Debug|Any CPU.Build.0 = Debug|Any CPU
		{F30D87B6-E04D-451C-8107-D7E547DEAE58}.Release|Any CPU.ActiveCfg = Release|Any CPU
		{F30D87B6-E04D-451C-8107-D7E547DEAE58}.Release|Any CPU.Build.0 = Release|Any CPU
		{8658A708-D6BC-4F54-97D2-C0F95B9F64F5}.Debug|Any CPU.ActiveCfg = Debug|Any CPU
		{8658A708-D6BC-4F54-97D2-C0F95B9F64F5}.Debug|Any CPU.Build.0 = Debug|Any CPU
		{8658A708-D6BC-4F54-97D2-C0F95B9F64F5}.Release|Any CPU.ActiveCfg = Release|Any CPU
		{8658A708-D6BC-4F54-97D2-C0F95B9F64F5}.Release|Any CPU.Build.0 = Release|Any CPU
		{CFAE36A8-233B-42A9-8411-B0D4F48195DA}.Debug|Any CPU.ActiveCfg = Debug|Any CPU
		{CFAE36A8-233B-42A9-8411-B0D4F48195DA}.Debug|Any CPU.Build.0 = Debug|Any CPU
		{CFAE36A8-233B-42A9-8411-B0D4F48195DA}.Release|Any CPU.ActiveCfg = Release|Any CPU
		{CFAE36A8-233B-42A9-8411-B0D4F48195DA}.Release|Any CPU.Build.0 = Release|Any CPU
		{F70CF419-5814-4E70-9816-1707A1A92F88}.Debug|Any CPU.ActiveCfg = Debug|Any CPU
		{F70CF419-5814-4E70-9816-1707A1A92F88}.Debug|Any CPU.Build.0 = Debug|Any CPU
		{F70CF419-5814-4E70-9816-1707A1A92F88}.Release|Any CPU.ActiveCfg = Release|Any CPU
		{F70CF419-5814-4E70-9816-1707A1A92F88}.Release|Any CPU.Build.0 = Release|Any CPU
		{61B3B369-17AF-49DF-B2F0-D9251A311DAA}.Debug|Any CPU.ActiveCfg = Debug|Any CPU
		{61B3B369-17AF-49DF-B2F0-D9251A311DAA}.Debug|Any CPU.Build.0 = Debug|Any CPU
		{61B3B369-17AF-49DF-B2F0-D9251A311DAA}.Release|Any CPU.ActiveCfg = Release|Any CPU
		{61B3B369-17AF-49DF-B2F0-D9251A311DAA}.Release|Any CPU.Build.0 = Release|Any CPU
		{98EC8D03-6B10-4A62-9F32-0670718ED989}.Debug|Any CPU.ActiveCfg = Debug|Any CPU
		{98EC8D03-6B10-4A62-9F32-0670718ED989}.Debug|Any CPU.Build.0 = Debug|Any CPU
		{98EC8D03-6B10-4A62-9F32-0670718ED989}.Release|Any CPU.ActiveCfg = Release|Any CPU
		{98EC8D03-6B10-4A62-9F32-0670718ED989}.Release|Any CPU.Build.0 = Release|Any CPU
		{DF4493C5-6453-4F1E-88E7-32443587E277}.Debug|Any CPU.ActiveCfg = Debug|Any CPU
		{DF4493C5-6453-4F1E-88E7-32443587E277}.Debug|Any CPU.Build.0 = Debug|Any CPU
		{DF4493C5-6453-4F1E-88E7-32443587E277}.Release|Any CPU.ActiveCfg = Release|Any CPU
		{DF4493C5-6453-4F1E-88E7-32443587E277}.Release|Any CPU.Build.0 = Release|Any CPU
	EndGlobalSection
	GlobalSection(SolutionProperties) = preSolution
		HideSolutionNode = FALSE
	EndGlobalSection
	GlobalSection(NestedProjects) = preSolution
		{A153D820-3CF6-4AF0-949C-EFEAB72F9FD8} = {675B8A20-56C6-4A5A-9D6E-DF460ABF78CA}
		{D620B3EB-87B7-4710-93E3-74E4C7308E30} = {A153D820-3CF6-4AF0-949C-EFEAB72F9FD8}
		{5AD481AE-003F-4841-87EF-22D4B3805B45} = {675B8A20-56C6-4A5A-9D6E-DF460ABF78CA}
		{67C7B731-973F-4A6E-BFA9-3D92C5479C9E} = {5AD481AE-003F-4841-87EF-22D4B3805B45}
		{D1D1D7C7-6A16-49C7-A5B4-C2A9EA394853} = {675B8A20-56C6-4A5A-9D6E-DF460ABF78CA}
		{F5CBF7B5-7E91-4A4D-8BCE-1C664A56ABFB} = {D1D1D7C7-6A16-49C7-A5B4-C2A9EA394853}
		{ACAB2597-0D82-45C6-B6E6-3F49C565ACA2} = {D1D1D7C7-6A16-49C7-A5B4-C2A9EA394853}
		{CECF5DA5-3776-4590-9D65-1F6E75B9248D} = {675B8A20-56C6-4A5A-9D6E-DF460ABF78CA}
		{30CF6625-DF3E-4017-8E87-A50F1F23FD52} = {CECF5DA5-3776-4590-9D65-1F6E75B9248D}
		{F30D87B6-E04D-451C-8107-D7E547DEAE58} = {CECF5DA5-3776-4590-9D65-1F6E75B9248D}
		{8658A708-D6BC-4F54-97D2-C0F95B9F64F5} = {CECF5DA5-3776-4590-9D65-1F6E75B9248D}
		{CFAE36A8-233B-42A9-8411-B0D4F48195DA} = {CECF5DA5-3776-4590-9D65-1F6E75B9248D}
		{F70CF419-5814-4E70-9816-1707A1A92F88} = {7DEE2E16-EC3D-4EE5-B3CA-3EE8E47DFC45}
		{61B3B369-17AF-49DF-B2F0-D9251A311DAA} = {511173C5-B61E-4569-BEAC-9D0FA7C80E9E}
		{98EC8D03-6B10-4A62-9F32-0670718ED989} = {511173C5-B61E-4569-BEAC-9D0FA7C80E9E}
		{DF4493C5-6453-4F1E-88E7-32443587E277} = {3EDDB0F4-C307-4213-8486-E5016029E48C}
	EndGlobalSection
	GlobalSection(ExtensibilityGlobals) = postSolution
		SolutionGuid = {AFD9E914-B059-4822-9529-3C3FDD9CCD2D}
	EndGlobalSection
EndGlobal
